{
    "_meta": {
        "hash": {
            "sha256": "77adfd05ef7a76a8ff1002a1b840d6fe2696ecee3a4a6a3389bf75235f67cc10"
        },
        "pipfile-spec": 6,
        "requires": {
            "python_version": "3.8"
        },
        "sources": [
            {
                "name": "pypi",
                "url": "https://pypi.org/simple",
                "verify_ssl": true
            }
        ]
    },
    "default": {},
    "develop": {
        "kafka-python": {
            "hashes": [
                "sha256:2f29baad4b3efe05a2bb81ac268855aa01cbc68397f15bac77b494ffd7e2cada",
                "sha256:4fbebebfcb6fc94903fb720fe883d7bbec7298f4f1acb857c21dd3b4b114ba4b"
            ],
            "index": "pypi",
            "version": "==1.4.7"
        }
    }
}
